{
    "name": "fullscreen-wrapper",
    "version": "1.0.3",
    "lockfileVersion": 1,
    "requires": true,
    "dependencies": {
        "typescript": {
            "version": "4.2.3",
            "resolved": "https://registry.npmjs.org/typescript/-/typescript-4.2.3.tgz",
            "integrity": "sha512-qOcYwxaByStAWrBf4x0fibwZvMRG+r4cQoTjbPtUlrWjBHbmCAww1i448U0GJ+3cNNEtebDteo/cHOR3xJ4wEw==",
            "dev": true
        },
        "uglify-js": {
            "version": "3.13.3",
            "resolved": "https://registry.npmjs.org/uglify-js/-/uglify-js-3.13.3.tgz",
            "integrity": "sha512-otIc7O9LyxpUcQoXzj2hL4LPWKklO6LJWoJUzNa8A17Xgi4fOeDC8FBDOLHnC/Slo1CQgsZMcM6as0M76BZaig==",
            "dev": true
        }
    }
}
